# This lock file is generated by gh-aw compile
# Do not edit manually
workflow:
  name: triage-issues
  triggers:
    - issue
  engine: copilot
  permissions:
    issues: write
    repository: read
  strict: true
  steps:
    - analyze_issue:
        description: Analyze issue title and body for keywords
    - apply_labels:
        description: Apply labels based on analysis
    - assign_issue:
        description: Assign issue to relevant team member
    - comment_triage:
        description: Add comment with triage summary
